
Microsoft Visual Studio Solution File, Format Version 12.00
# Visual Studio Version 17
VisualStudioVersion = 17.5.002.0
MinimumVisualStudioVersion = 10.0.40219.1
Project("{9A19103F-16F7-4668-BE54-9A1E7A4F7556}") = "SortOrders.API", "SortOrders.API\SortOrders.API.csproj", "{30C829DD-C360-49B4-B282-0E7E4585584E}"
EndProject
Project("{9A19103F-16F7-4668-BE54-9A1E7A4F7556}") = "SortOrders.Tests", "SortOrders.Tests\SortOrders.Tests.csproj", "{3D07D763-751E-4700-9D95-D41AFB52FC12}"
EndProject
Global
	GlobalSection(SolutionConfigurationPlatforms) = preSolution
		Debug|Any CPU = Debug|Any CPU
		Release|Any CPU = Release|Any CPU
	EndGlobalSection
	GlobalSection(ProjectConfigurationPlatforms) = postSolution
		{30C829DD-C360-49B4-B282-0E7E4585584E}.Debug|Any CPU.ActiveCfg = Debug|Any CPU
		{30C829DD-C360-49B4-B282-0E7E4585584E}.Debug|Any CPU.Build.0 = Debug|Any CPU
		{30C829DD-C360-49B4-B282-0E7E4585584E}.Release|Any CPU.ActiveCfg = Release|Any CPU
		{30C829DD-C360-49B4-B282-0E7E4585584E}.Release|Any CPU.Build.0 = Release|Any CPU
		{3D07D763-751E-4700-9D95-D41AFB52FC12}.Debug|Any CPU.ActiveCfg = Debug|Any CPU
		{3D07D763-751E-4700-9D95-D41AFB52FC12}.Debug|Any CPU.Build.0 = Debug|Any CPU
		{3D07D763-751E-4700-9D95-D41AFB52FC12}.Release|Any CPU.ActiveCfg = Release|Any CPU
		{3D07D763-751E-4700-9D95-D41AFB52FC12}.Release|Any CPU.Build.0 = Release|Any CPU
	EndGlobalSection
	GlobalSection(SolutionProperties) = preSolution
		HideSolutionNode = FALSE
	EndGlobalSection
	GlobalSection(ExtensibilityGlobals) = postSolution
		SolutionGuid = {D2C330C6-3932-47AD-8943-351D5F03C64F}
	EndGlobalSection
EndGlobal
